{
  "name" : "",
  "version" : "",
  "requires" : {
    "daar/termstyle" : {
      "constraint" : "^0.2",
      "version" : "v0.2.2",
      "commit" : "b2203c61087760f0f28a9892f6772b41d3412314",
      "repo" : "",
      "source" : "",
      "dev" : false,
      "bin" : {},
      "requires" : {}
    }
  }
}