{
  "name" : "",
  "version" : "",
  "requires" : {
    "daar/termstyle" : {
      "constraint" : "^0.3",
      "version" : "v0.3.0",
      "commit" : "537814dab412f635e6a235d20edef68bb78682a0",
      "repo" : "",
      "source" : "",
      "dev" : false,
      "bin" : {},
      "requires" : {}
    },
    "daar/taplib" : {
      "constraint" : "^0.0",
      "version" : "v0.0.1",
      "commit" : "abd6e345d3e2a35fefea4e1ebc2242eedd97d19f",
      "repo" : "",
      "source" : "",
      "dev" : false,
      "bin" : {},
      "requires" : {}
    }
  }
}